
Microsoft Visual Studio Solution File, Format Version 12.00
# Visual Studio 14
VisualStudioVersion = 14.0.23107.0
MinimumVisualStudioVersion = 10.0.40219.1
Project("{FAE04EC0-301F-11D3-BF4B-00C04F79EFBC}") = "InventoryControl", "InventoryControl\InventoryControl.csproj", "{CDAB9D44-7A1A-4CA8-A496-9829010F9D00}"
EndProject
Global
	GlobalSection(SolutionConfigurationPlatforms) = preSolution
		Debug|Any CPU = Debug|Any CPU
		Release|Any CPU = Release|Any CPU
	EndGlobalSection
	GlobalSection(ProjectConfigurationPlatforms) = postSolution
		{CDAB9D44-7A1A-4CA8-A496-9829010F9D00}.Debug|Any CPU.ActiveCfg = Debug|Any CPU
		{CDAB9D44-7A1A-4CA8-A496-9829010F9D00}.Debug|Any CPU.Build.0 = Debug|Any CPU
		{CDAB9D44-7A1A-4CA8-A496-9829010F9D00}.Release|Any CPU.ActiveCfg = Release|Any CPU
		{CDAB9D44-7A1A-4CA8-A496-9829010F9D00}.Release|Any CPU.Build.0 = Release|Any CPU
	EndGlobalSection
	GlobalSection(SolutionProperties) = preSolution
		HideSolutionNode = FALSE
	EndGlobalSection
EndGlobal
